
Microsoft Visual Studio Solution File, Format Version 12.00
# Visual Studio Version 17
VisualStudioVersion = 17.13.35828.75 d17.13
MinimumVisualStudioVersion = 10.0.40219.1
Project("{FAE04EC0-301F-11D3-BF4B-00C04F79EFBC}") = "SaveUp", "SaveUp.csproj", "{7DD17241-8357-45B4-9BEF-03732822F9DD}"
EndProject
Global
	GlobalSection(SolutionConfigurationPlatforms) = preSolution
		Debug|Any CPU = Debug|Any CPU
		Release|Any CPU = Release|Any CPU
	EndGlobalSection
	GlobalSection(ProjectConfigurationPlatforms) = postSolution
		{7DD17241-8357-45B4-9BEF-03732822F9DD}.Debug|Any CPU.ActiveCfg = Debug|Any CPU
		{7DD17241-8357-45B4-9BEF-03732822F9DD}.Debug|Any CPU.Build.0 = Debug|Any CPU
		{7DD17241-8357-45B4-9BEF-03732822F9DD}.Release|Any CPU.ActiveCfg = Release|Any CPU
		{7DD17241-8357-45B4-9BEF-03732822F9DD}.Release|Any CPU.Build.0 = Release|Any CPU
	EndGlobalSection
	GlobalSection(SolutionProperties) = preSolution
		HideSolutionNode = FALSE
	EndGlobalSection
	GlobalSection(ExtensibilityGlobals) = postSolution
		SolutionGuid = {1FEC461C-76EC-48AC-BE71-3F90459192B1}
	EndGlobalSection
EndGlobal
